
Microsoft Visual Studio Solution File, Format Version 12.00
# Visual Studio Version 17
VisualStudioVersion = 17.3.32811.315
MinimumVisualStudioVersion = 10.0.40219.1
Project("{FAE04EC0-301F-11D3-BF4B-00C04F79EFBC}") = "Calculadora", "Calculadora\Calculadora.csproj", "{43471E11-840B-4F4A-97E1-30B90F171A6A}"
EndProject
Global
	GlobalSection(SolutionConfigurationPlatforms) = preSolution
		Debug|Any CPU = Debug|Any CPU
		Release|Any CPU = Release|Any CPU
	EndGlobalSection
	GlobalSection(ProjectConfigurationPlatforms) = postSolution
		{43471E11-840B-4F4A-97E1-30B90F171A6A}.Debug|Any CPU.ActiveCfg = Debug|Any CPU
		{43471E11-840B-4F4A-97E1-30B90F171A6A}.Debug|Any CPU.Build.0 = Debug|Any CPU
		{43471E11-840B-4F4A-97E1-30B90F171A6A}.Release|Any CPU.ActiveCfg = Release|Any CPU
		{43471E11-840B-4F4A-97E1-30B90F171A6A}.Release|Any CPU.Build.0 = Release|Any CPU
	EndGlobalSection
	GlobalSection(SolutionProperties) = preSolution
		HideSolutionNode = FALSE
	EndGlobalSection
	GlobalSection(ExtensibilityGlobals) = postSolution
		SolutionGuid = {18FE3249-6326-4A40-BA94-54573A78A088}
	EndGlobalSection
EndGlobal
